
Microsoft Visual Studio Solution File, Format Version 12.00
# Visual Studio Version 16
VisualStudioVersion = 16.0.31624.102
MinimumVisualStudioVersion = 10.0.40219.1
Project("{FAE04EC0-301F-11D3-BF4B-00C04F79EFBC}") = "P01_Reflection-Demo", "P01_Reflection-Demo\P01_Reflection-Demo.csproj", "{B589D29C-3A6A-4190-B726-3245715F872D}"
EndProject
Project("{FAE04EC0-301F-11D3-BF4B-00C04F79EFBC}") = "P02_Reflection-Demo", "P02_Reflection-Demo\P02_Reflection-Demo.csproj", "{881F3F56-005F-4260-B78E-0CF4C8362D39}"
EndProject
Global
	GlobalSection(SolutionConfigurationPlatforms) = preSolution
		Debug|Any CPU = Debug|Any CPU
		Release|Any CPU = Release|Any CPU
	EndGlobalSection
	GlobalSection(ProjectConfigurationPlatforms) = postSolution
		{B589D29C-3A6A-4190-B726-3245715F872D}.Debug|Any CPU.ActiveCfg = Debug|Any CPU
		{B589D29C-3A6A-4190-B726-3245715F872D}.Debug|Any CPU.Build.0 = Debug|Any CPU
		{B589D29C-3A6A-4190-B726-3245715F872D}.Release|Any CPU.ActiveCfg = Release|Any CPU
		{B589D29C-3A6A-4190-B726-3245715F872D}.Release|Any CPU.Build.0 = Release|Any CPU
		{881F3F56-005F-4260-B78E-0CF4C8362D39}.Debug|Any CPU.ActiveCfg = Debug|Any CPU
		{881F3F56-005F-4260-B78E-0CF4C8362D39}.Debug|Any CPU.Build.0 = Debug|Any CPU
		{881F3F56-005F-4260-B78E-0CF4C8362D39}.Release|Any CPU.ActiveCfg = Release|Any CPU
		{881F3F56-005F-4260-B78E-0CF4C8362D39}.Release|Any CPU.Build.0 = Release|Any CPU
	EndGlobalSection
	GlobalSection(SolutionProperties) = preSolution
		HideSolutionNode = FALSE
	EndGlobalSection
	GlobalSection(ExtensibilityGlobals) = postSolution
		SolutionGuid = {115CE006-F731-4C33-B97A-348DC3115764}
	EndGlobalSection
EndGlobal
