
Microsoft Visual Studio Solution File, Format Version 12.00
# Visual Studio Version 16
VisualStudioVersion = 16.0.31424.327
MinimumVisualStudioVersion = 10.0.40219.1
Project("{FAE04EC0-301F-11D3-BF4B-00C04F79EFBC}") = "P01_BasicOOP", "P01_BasicOOP\P01_BasicOOP.csproj", "{35CF00D6-3B79-486E-84C4-BF5B1891D471}"
EndProject
Project("{FAE04EC0-301F-11D3-BF4B-00C04F79EFBC}") = "P02_RawData", "P02_RawData\P02_RawData.csproj", "{D9406794-E05F-414C-9C22-728CEE5967A3}"
EndProject
Project("{FAE04EC0-301F-11D3-BF4B-00C04F79EFBC}") = "P03_RawData2", "P03_RawData2\P03_RawData2.csproj", "{67DC9CE1-E8CD-4762-AED2-F9949B206831}"
EndProject
Global
	GlobalSection(SolutionConfigurationPlatforms) = preSolution
		Debug|Any CPU = Debug|Any CPU
		Release|Any CPU = Release|Any CPU
	EndGlobalSection
	GlobalSection(ProjectConfigurationPlatforms) = postSolution
		{35CF00D6-3B79-486E-84C4-BF5B1891D471}.Debug|Any CPU.ActiveCfg = Debug|Any CPU
		{35CF00D6-3B79-486E-84C4-BF5B1891D471}.Debug|Any CPU.Build.0 = Debug|Any CPU
		{35CF00D6-3B79-486E-84C4-BF5B1891D471}.Release|Any CPU.ActiveCfg = Release|Any CPU
		{35CF00D6-3B79-486E-84C4-BF5B1891D471}.Release|Any CPU.Build.0 = Release|Any CPU
		{D9406794-E05F-414C-9C22-728CEE5967A3}.Debug|Any CPU.ActiveCfg = Debug|Any CPU
		{D9406794-E05F-414C-9C22-728CEE5967A3}.Debug|Any CPU.Build.0 = Debug|Any CPU
		{D9406794-E05F-414C-9C22-728CEE5967A3}.Release|Any CPU.ActiveCfg = Release|Any CPU
		{D9406794-E05F-414C-9C22-728CEE5967A3}.Release|Any CPU.Build.0 = Release|Any CPU
		{67DC9CE1-E8CD-4762-AED2-F9949B206831}.Debug|Any CPU.ActiveCfg = Debug|Any CPU
		{67DC9CE1-E8CD-4762-AED2-F9949B206831}.Debug|Any CPU.Build.0 = Debug|Any CPU
		{67DC9CE1-E8CD-4762-AED2-F9949B206831}.Release|Any CPU.ActiveCfg = Release|Any CPU
		{67DC9CE1-E8CD-4762-AED2-F9949B206831}.Release|Any CPU.Build.0 = Release|Any CPU
	EndGlobalSection
	GlobalSection(SolutionProperties) = preSolution
		HideSolutionNode = FALSE
	EndGlobalSection
	GlobalSection(ExtensibilityGlobals) = postSolution
		SolutionGuid = {036B6E5E-75B4-45AC-B7C8-9CFB66DC3D38}
	EndGlobalSection
EndGlobal
