
Microsoft Visual Studio Solution File, Format Version 12.00
# Visual Studio Version 16
VisualStudioVersion = 16.0.31424.327
MinimumVisualStudioVersion = 10.0.40219.1
Project("{FAE04EC0-301F-11D3-BF4B-00C04F79EFBC}") = "P01_MarketStore", "P01_MarketStore\P01_MarketStore.csproj", "{1482DBF1-66CB-4518-8306-5655EC4E6330}"
EndProject
Global
	GlobalSection(SolutionConfigurationPlatforms) = preSolution
		Debug|Any CPU = Debug|Any CPU
		Release|Any CPU = Release|Any CPU
	EndGlobalSection
	GlobalSection(ProjectConfigurationPlatforms) = postSolution
		{1482DBF1-66CB-4518-8306-5655EC4E6330}.Debug|Any CPU.ActiveCfg = Debug|Any CPU
		{1482DBF1-66CB-4518-8306-5655EC4E6330}.Debug|Any CPU.Build.0 = Debug|Any CPU
		{1482DBF1-66CB-4518-8306-5655EC4E6330}.Release|Any CPU.ActiveCfg = Release|Any CPU
		{1482DBF1-66CB-4518-8306-5655EC4E6330}.Release|Any CPU.Build.0 = Release|Any CPU
	EndGlobalSection
	GlobalSection(SolutionProperties) = preSolution
		HideSolutionNode = FALSE
	EndGlobalSection
	GlobalSection(ExtensibilityGlobals) = postSolution
		SolutionGuid = {F70A6D93-CA68-4728-B785-EDDDF6F5D8D7}
	EndGlobalSection
EndGlobal
