
Microsoft Visual Studio Solution File, Format Version 12.00
# Visual Studio Version 16
VisualStudioVersion = 16.0.31624.102
MinimumVisualStudioVersion = 10.0.40219.1
Project("{9A19103F-16F7-4668-BE54-9A1E7A4F7556}") = "P01_EncapsulationDemo", "P01_EncapsulationDemo\P01_EncapsulationDemo.csproj", "{7873A1F9-9E77-46E7-BE80-C236237B3A26}"
EndProject
Project("{9A19103F-16F7-4668-BE54-9A1E7A4F7556}") = "P02_ValidationOfData", "P02_ValidationOfData\P02_ValidationOfData.csproj", "{0BFD8E29-68A5-4CEB-8BC6-0CCA8FE890BB}"
EndProject
Project("{9A19103F-16F7-4668-BE54-9A1E7A4F7556}") = "P03_EncapsulationDemo", "P03_EncapsulationDemo\P03_EncapsulationDemo.csproj", "{BF98A5CE-FDCD-4539-B884-779E37D6D56A}"
EndProject
Project("{9A19103F-16F7-4668-BE54-9A1E7A4F7556}") = "P04_ValidationOfData", "P04_ValidationOfData\P04_ValidationOfData.csproj", "{22778130-2EA3-430B-B508-F5D7CCC347D3}"
EndProject
Project("{FAE04EC0-301F-11D3-BF4B-00C04F79EFBC}") = "P05_AnimalFarm", "P05_AnimalFarm\P05_AnimalFarm.csproj", "{3F56A68D-A53C-4C4E-AAF8-31F837096413}"
EndProject
Global
	GlobalSection(SolutionConfigurationPlatforms) = preSolution
		Debug|Any CPU = Debug|Any CPU
		Release|Any CPU = Release|Any CPU
	EndGlobalSection
	GlobalSection(ProjectConfigurationPlatforms) = postSolution
		{7873A1F9-9E77-46E7-BE80-C236237B3A26}.Debug|Any CPU.ActiveCfg = Debug|Any CPU
		{7873A1F9-9E77-46E7-BE80-C236237B3A26}.Debug|Any CPU.Build.0 = Debug|Any CPU
		{7873A1F9-9E77-46E7-BE80-C236237B3A26}.Release|Any CPU.ActiveCfg = Release|Any CPU
		{7873A1F9-9E77-46E7-BE80-C236237B3A26}.Release|Any CPU.Build.0 = Release|Any CPU
		{0BFD8E29-68A5-4CEB-8BC6-0CCA8FE890BB}.Debug|Any CPU.ActiveCfg = Debug|Any CPU
		{0BFD8E29-68A5-4CEB-8BC6-0CCA8FE890BB}.Debug|Any CPU.Build.0 = Debug|Any CPU
		{0BFD8E29-68A5-4CEB-8BC6-0CCA8FE890BB}.Release|Any CPU.ActiveCfg = Release|Any CPU
		{0BFD8E29-68A5-4CEB-8BC6-0CCA8FE890BB}.Release|Any CPU.Build.0 = Release|Any CPU
		{BF98A5CE-FDCD-4539-B884-779E37D6D56A}.Debug|Any CPU.ActiveCfg = Debug|Any CPU
		{BF98A5CE-FDCD-4539-B884-779E37D6D56A}.Debug|Any CPU.Build.0 = Debug|Any CPU
		{BF98A5CE-FDCD-4539-B884-779E37D6D56A}.Release|Any CPU.ActiveCfg = Release|Any CPU
		{BF98A5CE-FDCD-4539-B884-779E37D6D56A}.Release|Any CPU.Build.0 = Release|Any CPU
		{22778130-2EA3-430B-B508-F5D7CCC347D3}.Debug|Any CPU.ActiveCfg = Debug|Any CPU
		{22778130-2EA3-430B-B508-F5D7CCC347D3}.Debug|Any CPU.Build.0 = Debug|Any CPU
		{22778130-2EA3-430B-B508-F5D7CCC347D3}.Release|Any CPU.ActiveCfg = Release|Any CPU
		{22778130-2EA3-430B-B508-F5D7CCC347D3}.Release|Any CPU.Build.0 = Release|Any CPU
		{3F56A68D-A53C-4C4E-AAF8-31F837096413}.Debug|Any CPU.ActiveCfg = Debug|Any CPU
		{3F56A68D-A53C-4C4E-AAF8-31F837096413}.Debug|Any CPU.Build.0 = Debug|Any CPU
		{3F56A68D-A53C-4C4E-AAF8-31F837096413}.Release|Any CPU.ActiveCfg = Release|Any CPU
		{3F56A68D-A53C-4C4E-AAF8-31F837096413}.Release|Any CPU.Build.0 = Release|Any CPU
	EndGlobalSection
	GlobalSection(SolutionProperties) = preSolution
		HideSolutionNode = FALSE
	EndGlobalSection
	GlobalSection(ExtensibilityGlobals) = postSolution
		SolutionGuid = {16F084D3-141A-47F4-8FF2-4214ED939CFD}
	EndGlobalSection
EndGlobal
