
Microsoft Visual Studio Solution File, Format Version 12.00
# Visual Studio Version 16
VisualStudioVersion = 16.0.31424.327
MinimumVisualStudioVersion = 10.0.40219.1
Project("{FAE04EC0-301F-11D3-BF4B-00C04F79EFBC}") = "P01_SpeedRacing", "P01_SpeedRacing\P01_SpeedRacing.csproj", "{863ABEDA-F90F-4D09-A506-56FB37E191E8}"
EndProject
Project("{FAE04EC0-301F-11D3-BF4B-00C04F79EFBC}") = "P02_CarSalesman", "P02_CarSalesman\P02_CarSalesman.csproj", "{0FA7C838-31F7-430A-A08C-E3F8BA969F43}"
EndProject
Global
	GlobalSection(SolutionConfigurationPlatforms) = preSolution
		Debug|Any CPU = Debug|Any CPU
		Release|Any CPU = Release|Any CPU
	EndGlobalSection
	GlobalSection(ProjectConfigurationPlatforms) = postSolution
		{863ABEDA-F90F-4D09-A506-56FB37E191E8}.Debug|Any CPU.ActiveCfg = Debug|Any CPU
		{863ABEDA-F90F-4D09-A506-56FB37E191E8}.Debug|Any CPU.Build.0 = Debug|Any CPU
		{863ABEDA-F90F-4D09-A506-56FB37E191E8}.Release|Any CPU.ActiveCfg = Release|Any CPU
		{863ABEDA-F90F-4D09-A506-56FB37E191E8}.Release|Any CPU.Build.0 = Release|Any CPU
		{0FA7C838-31F7-430A-A08C-E3F8BA969F43}.Debug|Any CPU.ActiveCfg = Debug|Any CPU
		{0FA7C838-31F7-430A-A08C-E3F8BA969F43}.Debug|Any CPU.Build.0 = Debug|Any CPU
		{0FA7C838-31F7-430A-A08C-E3F8BA969F43}.Release|Any CPU.ActiveCfg = Release|Any CPU
		{0FA7C838-31F7-430A-A08C-E3F8BA969F43}.Release|Any CPU.Build.0 = Release|Any CPU
	EndGlobalSection
	GlobalSection(SolutionProperties) = preSolution
		HideSolutionNode = FALSE
	EndGlobalSection
	GlobalSection(ExtensibilityGlobals) = postSolution
		SolutionGuid = {60A959F9-9807-4546-ABDE-C0800A9451C6}
	EndGlobalSection
EndGlobal
